
Microsoft Visual Studio Solution File, Format Version 12.00
# Visual Studio Version 16
VisualStudioVersion = 16.0.35826.135
MinimumVisualStudioVersion = 10.0.40219.1
Project("{8BC9CEB8-8B4A-11D0-8D11-00A0C91BC942}") = "decryptorcaps", "decryptorcaps\decryptorcaps.vcxproj", "{CDD18490-1009-4598-BF0D-496B654312A7}"
EndProject
Global
	GlobalSection(SolutionConfigurationPlatforms) = preSolution
		Debug|x64 = Debug|x64
		Debug|x86 = Debug|x86
		Release|x64 = Release|x64
		Release|x86 = Release|x86
	EndGlobalSection
	GlobalSection(ProjectConfigurationPlatforms) = postSolution
		{CDD18490-1009-4598-BF0D-496B654312A7}.Debug|x64.ActiveCfg = Debug|x64
		{CDD18490-1009-4598-BF0D-496B654312A7}.Debug|x64.Build.0 = Debug|x64
		{CDD18490-1009-4598-BF0D-496B654312A7}.Debug|x86.ActiveCfg = Debug|Win32
		{CDD18490-1009-4598-BF0D-496B654312A7}.Debug|x86.Build.0 = Debug|Win32
		{CDD18490-1009-4598-BF0D-496B654312A7}.Release|x64.ActiveCfg = Release|x64
		{CDD18490-1009-4598-BF0D-496B654312A7}.Release|x64.Build.0 = Release|x64
		{CDD18490-1009-4598-BF0D-496B654312A7}.Release|x86.ActiveCfg = Release|Win32
		{CDD18490-1009-4598-BF0D-496B654312A7}.Release|x86.Build.0 = Release|Win32
	EndGlobalSection
	GlobalSection(SolutionProperties) = preSolution
		HideSolutionNode = FALSE
	EndGlobalSection
	GlobalSection(ExtensibilityGlobals) = postSolution
		SolutionGuid = {FE5C8207-8234-4B20-B902-88BCA39567B2}
	EndGlobalSection
EndGlobal
