
Microsoft Visual Studio Solution File, Format Version 12.00
# Visual Studio Version 16
VisualStudioVersion = 16.0.35826.135
MinimumVisualStudioVersion = 10.0.40219.1
Project("{8BC9CEB8-8B4A-11D0-8D11-00A0C91BC942}") = "AESdecryptProject", "AESdecryptProject\AESdecryptProject.vcxproj", "{B5CF6519-20A7-4C02-9F7F-9F80D889B5A1}"
EndProject
Global
	GlobalSection(SolutionConfigurationPlatforms) = preSolution
		Debug|x64 = Debug|x64
		Debug|x86 = Debug|x86
		Release|x64 = Release|x64
		Release|x86 = Release|x86
	EndGlobalSection
	GlobalSection(ProjectConfigurationPlatforms) = postSolution
		{B5CF6519-20A7-4C02-9F7F-9F80D889B5A1}.Debug|x64.ActiveCfg = Debug|x64
		{B5CF6519-20A7-4C02-9F7F-9F80D889B5A1}.Debug|x64.Build.0 = Debug|x64
		{B5CF6519-20A7-4C02-9F7F-9F80D889B5A1}.Debug|x86.ActiveCfg = Debug|Win32
		{B5CF6519-20A7-4C02-9F7F-9F80D889B5A1}.Debug|x86.Build.0 = Debug|Win32
		{B5CF6519-20A7-4C02-9F7F-9F80D889B5A1}.Release|x64.ActiveCfg = Release|x64
		{B5CF6519-20A7-4C02-9F7F-9F80D889B5A1}.Release|x64.Build.0 = Release|x64
		{B5CF6519-20A7-4C02-9F7F-9F80D889B5A1}.Release|x86.ActiveCfg = Release|Win32
		{B5CF6519-20A7-4C02-9F7F-9F80D889B5A1}.Release|x86.Build.0 = Release|Win32
	EndGlobalSection
	GlobalSection(SolutionProperties) = preSolution
		HideSolutionNode = FALSE
	EndGlobalSection
	GlobalSection(ExtensibilityGlobals) = postSolution
		SolutionGuid = {09C19311-036E-400A-8EF5-964295032CFF}
	EndGlobalSection
EndGlobal
